# This file is generated by running "yarn install" inside your project.
# Manual changes might be lost - proceed with caution!

__metadata:
  version: 4

"bs-platform@npm:^7.1.1":
  version: 7.1.1
  resolution: "bs-platform@npm:7.1.1"
  bin:
    bsb: lib/bsb
    bsc: lib/bsc
    bsrefmt: lib/bsrefmt
    bstracing: lib/bstracing
  checksum: 2/111386f3a50b2e20c8b03835a321c8ad9325aad4f1b31c1f6d22be593d4c6cbf46bb78f18a0cae95b454ed273d7bbbd3b698a1422218141ede9d02bad9a64135
  languageName: node
  linkType: hard

"reasonml-concepts@workspace:.":
  version: 0.0.0-use.local
  resolution: "reasonml-concepts@workspace:."
  dependencies:
    bs-platform: ^7.1.1
  languageName: unknown
  linkType: soft
